{
  "name": "PersonalityTest-Js",
  "lockfileVersion": 3,
  "requires": true,
  "packages": {
    "": {
      "dependencies": {
        "@rive-app/canvas": "^2.14.3",
        "device-uuid": "^1.0.4",
        "playfab-web-sdk": "^1.170.240412"
      }
    },
    "node_modules/@rive-app/canvas": {
      "version": "2.14.3",
      "resolved": "https://registry.npmjs.org/@rive-app/canvas/-/canvas-2.14.3.tgz",
      "integrity": "sha512-EaBye7rNzoGJYttboEiURk5Z7rRQ7Xj187nHWq50Ub8Wd2xTlZ4K1A5f6CAZSkenL1qgx0Fmaoj0kCMMEnUAEA=="
    },
    "node_modules/device-uuid": {
      "version": "1.0.4",
      "resolved": "https://registry.npmjs.org/device-uuid/-/device-uuid-1.0.4.tgz",
      "integrity": "sha512-nNbUKlCuXZ1BV4zKFr9z8VxypL1PCNExRoNtRx/mNKFcOEDWUdT3E1B4vw7LBWftBmixkrjQIjpdLov3EmEJjA==",
      "engines": {
        "node": ">=0.8"
      }
    },
    "node_modules/playfab-web-sdk": {
      "version": "1.170.240412",
      "resolved": "https://registry.npmjs.org/playfab-web-sdk/-/playfab-web-sdk-1.170.240412.tgz",
      "integrity": "sha512-8ahRNyTMGHiUbSBFks0wwULUcpl2JAbwdsswErraK9ZQit+Hdd+27iNKR4KD7jNyULvR5dqo6u6Zm3Aw83FpMA=="
    }
  }
}
